
Microsoft Visual Studio Solution File, Format Version 12.00
# Visual Studio Version 17
VisualStudioVersion = 17.14.36623.8 d17.14
MinimumVisualStudioVersion = 10.0.40219.1
Project("{FAE04EC0-301F-11D3-BF4B-00C04F79EFBC}") = "PetCareTracker", "PetCareTracker\PetCareTracker.csproj", "{F8F75C16-61FF-403D-A136-8E18E77DFFC4}"
EndProject
Global
	GlobalSection(SolutionConfigurationPlatforms) = preSolution
		Debug|Any CPU = Debug|Any CPU
		Release|Any CPU = Release|Any CPU
	EndGlobalSection
	GlobalSection(ProjectConfigurationPlatforms) = postSolution
		{F8F75C16-61FF-403D-A136-8E18E77DFFC4}.Debug|Any CPU.ActiveCfg = Debug|Any CPU
		{F8F75C16-61FF-403D-A136-8E18E77DFFC4}.Debug|Any CPU.Build.0 = Debug|Any CPU
		{F8F75C16-61FF-403D-A136-8E18E77DFFC4}.Release|Any CPU.ActiveCfg = Release|Any CPU
		{F8F75C16-61FF-403D-A136-8E18E77DFFC4}.Release|Any CPU.Build.0 = Release|Any CPU
	EndGlobalSection
	GlobalSection(SolutionProperties) = preSolution
		HideSolutionNode = FALSE
	EndGlobalSection
	GlobalSection(ExtensibilityGlobals) = postSolution
		SolutionGuid = {66D02F95-DB92-4E21-B110-8939AB30B226}
	EndGlobalSection
EndGlobal
